// !$*UTF8*$!
{
	archiveVersion = 1;
	classes = {
	};
	objectVersion = 50;
	objects = {

/* Begin PBXBuildFile section */
		220055A42214271B0063D3EC /* OutlineSelectionCellView.swift in Sources */ = {isa = PBXBuildFile; fileRef = 220055A32214271B0063D3EC /* OutlineSelectionCellView.swift */; };
		22061ECB21F4821100F00B04 /* ListViewController.swift in Sources */ = {isa = PBXBuildFile; fileRef = 22061ECA21F4821100F00B04 /* ListViewController.swift */; };
		22061ECD21F4829C00F00B04 /* ListManager.swift in Sources */ = {isa = PBXBuildFile; fileRef = 22061ECC21F4829C00F00B04 /* ListManager.swift */; };
		22061ECF21F4A4DC00F00B04 /* Page.swift in Sources */ = {isa = PBXBuildFile; fileRef = 22061ECE21F4A4DC00F00B04 /* Page.swift */; };
		22061ED121F4A50A00F00B04 /* SpiritChapter.swift in Sources */ = {isa = PBXBuildFile; fileRef = 22061ED021F4A50A00F00B04 /* SpiritChapter.swift */; };
		22061ED321F4A52F00F00B04 /* SpiritBook.swift in Sources */ = {isa = PBXBuildFile; fileRef = 22061ED221F4A52F00F00B04 /* SpiritBook.swift */; };
		22061ED521F4A76E00F00B04 /* Roman.swift in Sources */ = {isa = PBXBuildFile; fileRef = 22061ED421F4A76E00F00B04 /* Roman.swift */; };
		22061ED721F4B6E600F00B04 /* SpiritHTMLParser.swift in Sources */ = {isa = PBXBuildFile; fileRef = 22061ED621F4B6E600F00B04 /* SpiritHTMLParser.swift */; };
		22091E842216C3C000DCDA22 /* OpenBible.xcdatamodeld in Sources */ = {isa = PBXBuildFile; fileRef = 221E37F5220AE628003D8E40 /* OpenBible.xcdatamodeld */; };
		221A3E9021D243B9007C269E /* ModuleManagerViewController.swift in Sources */ = {isa = PBXBuildFile; fileRef = 221A3E8F21D243B9007C269E /* ModuleManagerViewController.swift */; };
		221A3E9221D51233007C269E /* DropView.swift in Sources */ = {isa = PBXBuildFile; fileRef = 221A3E9121D51233007C269E /* DropView.swift */; };
		221A619321F64AE80003CCC0 /* SpiritViewController.swift in Sources */ = {isa = PBXBuildFile; fileRef = 221A619221F64AE80003CCC0 /* SpiritViewController.swift */; };
		221A619521F650820003CCC0 /* SpiritManager.swift in Sources */ = {isa = PBXBuildFile; fileRef = 221A619421F650820003CCC0 /* SpiritManager.swift */; };
		221E37EE220AE500003D8E40 /* LaunchScreen.storyboard in Resources */ = {isa = PBXBuildFile; fileRef = 221E37EC220AE500003D8E40 /* LaunchScreen.storyboard */; };
		221E37F9220AE665003D8E40 /* AppDelegate.swift in Sources */ = {isa = PBXBuildFile; fileRef = 221E37F8220AE664003D8E40 /* AppDelegate.swift */; };
		221E37FF220AE6AC003D8E40 /* Bonjour.swift in Sources */ = {isa = PBXBuildFile; fileRef = 221E37FB220AE6AC003D8E40 /* Bonjour.swift */; };
		221E3801220AE6AC003D8E40 /* Extensions.swift in Sources */ = {isa = PBXBuildFile; fileRef = 221E37FD220AE6AC003D8E40 /* Extensions.swift */; };
		221E3802220AE6AC003D8E40 /* Protocols.swift in Sources */ = {isa = PBXBuildFile; fileRef = 221E37FE220AE6AC003D8E40 /* Protocols.swift */; };
		221E3805220AE6D7003D8E40 /* UserSettings.plist in Resources */ = {isa = PBXBuildFile; fileRef = 221E3804220AE6D7003D8E40 /* UserSettings.plist */; };
		221E3807220AE6DE003D8E40 /* Localizable.strings in Resources */ = {isa = PBXBuildFile; fileRef = 221E3806220AE6DE003D8E40 /* Localizable.strings */; };
		221E3809220AE953003D8E40 /* Main.storyboard in Resources */ = {isa = PBXBuildFile; fileRef = 221E3808220AE953003D8E40 /* Main.storyboard */; };
		221E380B220AE972003D8E40 /* Assets.xcassets in Resources */ = {isa = PBXBuildFile; fileRef = 221E380A220AE971003D8E40 /* Assets.xcassets */; };
		221E3814220AE99A003D8E40 /* CoreSyncManager.swift in Sources */ = {isa = PBXBuildFile; fileRef = 221E380D220AE999003D8E40 /* CoreSyncManager.swift */; };
		221E3815220AE99A003D8E40 /* VerseManager.swift in Sources */ = {isa = PBXBuildFile; fileRef = 221E380E220AE999003D8E40 /* VerseManager.swift */; };
		221E3816220AE99A003D8E40 /* plistHandler.swift in Sources */ = {isa = PBXBuildFile; fileRef = 221E380F220AE999003D8E40 /* plistHandler.swift */; };
		221E3817220AE99A003D8E40 /* SyncManager.swift in Sources */ = {isa = PBXBuildFile; fileRef = 221E3810220AE999003D8E40 /* SyncManager.swift */; };
		221E3818220AE99A003D8E40 /* Manager.swift in Sources */ = {isa = PBXBuildFile; fileRef = 221E3811220AE99A003D8E40 /* Manager.swift */; };
		221E3819220AE99A003D8E40 /* DownloadManager.swift in Sources */ = {isa = PBXBuildFile; fileRef = 221E3812220AE99A003D8E40 /* DownloadManager.swift */; };
		221E381A220AE99A003D8E40 /* PlistManager.swift in Sources */ = {isa = PBXBuildFile; fileRef = 221E3813220AE99A003D8E40 /* PlistManager.swift */; };
		221E381C220AE9B0003D8E40 /* Chapter.swift in Sources */ = {isa = PBXBuildFile; fileRef = 22BD926021CCD34B00019853 /* Chapter.swift */; };
		221E381D220AE9B0003D8E40 /* Book.swift in Sources */ = {isa = PBXBuildFile; fileRef = 22BD926221CCD35E00019853 /* Book.swift */; };
		221E381E220AE9B0003D8E40 /* Module.swift in Sources */ = {isa = PBXBuildFile; fileRef = 22BD926421CCD36A00019853 /* Module.swift */; };
		221E381F220AE9B0003D8E40 /* ModuleOffline.swift in Sources */ = {isa = PBXBuildFile; fileRef = 22BD926A21CCD48100019853 /* ModuleOffline.swift */; };
		221E3820220AE9B0003D8E40 /* History.swift in Sources */ = {isa = PBXBuildFile; fileRef = 22BD926621CCD37F00019853 /* History.swift */; };
		221E3821220AE9B0003D8E40 /* Strong.swift in Sources */ = {isa = PBXBuildFile; fileRef = 22CB04AD21D907BA004110E0 /* Strong.swift */; };
		221E3822220AE9B0003D8E40 /* Page.swift in Sources */ = {isa = PBXBuildFile; fileRef = 22061ECE21F4A4DC00F00B04 /* Page.swift */; };
		221E3823220AE9B0003D8E40 /* SpiritChapter.swift in Sources */ = {isa = PBXBuildFile; fileRef = 22061ED021F4A50A00F00B04 /* SpiritChapter.swift */; };
		221E3824220AE9B0003D8E40 /* SpiritBook.swift in Sources */ = {isa = PBXBuildFile; fileRef = 22061ED221F4A52F00F00B04 /* SpiritBook.swift */; };
		221E383E220AE9EE003D8E40 /* MainTabBarController.swift in Sources */ = {isa = PBXBuildFile; fileRef = 221E3833220AE9ED003D8E40 /* MainTabBarController.swift */; };
		221E383F220AE9EE003D8E40 /* ModalViewController.swift in Sources */ = {isa = PBXBuildFile; fileRef = 221E3834220AE9ED003D8E40 /* ModalViewController.swift */; };
		221E3840220AE9EE003D8E40 /* StrongViewController.swift in Sources */ = {isa = PBXBuildFile; fileRef = 221E3835220AE9ED003D8E40 /* StrongViewController.swift */; };
		221E3842220AE9EE003D8E40 /* ContainerViewController.swift in Sources */ = {isa = PBXBuildFile; fileRef = 221E3837220AE9ED003D8E40 /* ContainerViewController.swift */; };
		221E3843220AE9EE003D8E40 /* DownloadViewController.swift in Sources */ = {isa = PBXBuildFile; fileRef = 221E3838220AE9ED003D8E40 /* DownloadViewController.swift */; };
		221E3845220AE9EE003D8E40 /* LeftSelectionViewController.swift in Sources */ = {isa = PBXBuildFile; fileRef = 221E383A220AE9EE003D8E40 /* LeftSelectionViewController.swift */; };
		221E3846220AE9EE003D8E40 /* HistoryViewController.swift in Sources */ = {isa = PBXBuildFile; fileRef = 221E383B220AE9EE003D8E40 /* HistoryViewController.swift */; };
		221E3847220AE9EE003D8E40 /* SyncViewController.swift in Sources */ = {isa = PBXBuildFile; fileRef = 221E383C220AE9EE003D8E40 /* SyncViewController.swift */; };
		221E3848220AE9EE003D8E40 /* SidePanelViewController.swift in Sources */ = {isa = PBXBuildFile; fileRef = 221E383D220AE9EE003D8E40 /* SidePanelViewController.swift */; };
		221E3851220AEA01003D8E40 /* NumberCollectionViewCell.swift in Sources */ = {isa = PBXBuildFile; fileRef = 221E384A220AEA00003D8E40 /* NumberCollectionViewCell.swift */; };
		221E3852220AEA01003D8E40 /* SearchTextField.swift in Sources */ = {isa = PBXBuildFile; fileRef = 221E384B220AEA00003D8E40 /* SearchTextField.swift */; };
		221E3853220AEA01003D8E40 /* ServiceTableViewCell.swift in Sources */ = {isa = PBXBuildFile; fileRef = 221E384C220AEA00003D8E40 /* ServiceTableViewCell.swift */; };
		221E3854220AEA01003D8E40 /* BookTableViewCell.swift in Sources */ = {isa = PBXBuildFile; fileRef = 221E384D220AEA01003D8E40 /* BookTableViewCell.swift */; };
		221E3856220AEA01003D8E40 /* DownloadCell.swift in Sources */ = {isa = PBXBuildFile; fileRef = 221E384F220AEA01003D8E40 /* DownloadCell.swift */; };
		221E385A220AEC65003D8E40 /* Verse.swift in Sources */ = {isa = PBXBuildFile; fileRef = 221E3859220AEC64003D8E40 /* Verse.swift */; };
		221E385B220AF3E7003D8E40 /* Types.swift in Sources */ = {isa = PBXBuildFile; fileRef = 2240220421EB479900DC8E2F /* Types.swift */; };
		221E385D220AF674003D8E40 /* SplitTextViewController.swift in Sources */ = {isa = PBXBuildFile; fileRef = 221E385C220AF674003D8E40 /* SplitTextViewController.swift */; };
		221F4D9A21D928B90014CED9 /* StrongDetailViewController.swift in Sources */ = {isa = PBXBuildFile; fileRef = 221F4D9921D928B90014CED9 /* StrongDetailViewController.swift */; };
		222222A32213108700AFDE40 /* StrongManager.swift in Sources */ = {isa = PBXBuildFile; fileRef = 222222A22213108700AFDE40 /* StrongManager.swift */; };
		22234EB921D1388C00BC595D /* FileManagerViewController.swift in Sources */ = {isa = PBXBuildFile; fileRef = 22234EB821D1388C00BC595D /* FileManagerViewController.swift */; };
		22234EBD21D13B6400BC595D /* TabViewController.swift in Sources */ = {isa = PBXBuildFile; fileRef = 22234EBC21D13B6400BC595D /* TabViewController.swift */; };
		22234EBF21D13FB600BC595D /* DropImageView.swift in Sources */ = {isa = PBXBuildFile; fileRef = 22234EBE21D13FB500BC595D /* DropImageView.swift */; };
		22234EC121D1453A00BC595D /* FileManager.swift in Sources */ = {isa = PBXBuildFile; fileRef = 22234EC021D1453A00BC595D /* FileManager.swift */; };
		22234EC321D164A000BC595D /* HTMLParser.swift in Sources */ = {isa = PBXBuildFile; fileRef = 22234EC221D164A000BC595D /* HTMLParser.swift */; };
		2235F68922142D3100E46411 /* OutlineViewController.swift in Sources */ = {isa = PBXBuildFile; fileRef = 2235F68822142D3100E46411 /* OutlineViewController.swift */; };
		223DE52C2213610C0040F120 /* macB.sqlite in Resources */ = {isa = PBXBuildFile; fileRef = 223DE5292213600C0040F120 /* macB.sqlite */; };
		2240220321EB457300DC8E2F /* SharingManager.swift in Sources */ = {isa = PBXBuildFile; fileRef = 2240220221EB457300DC8E2F /* SharingManager.swift */; };
		2240220521EB479900DC8E2F /* Types.swift in Sources */ = {isa = PBXBuildFile; fileRef = 2240220421EB479900DC8E2F /* Types.swift */; };
		2240CDA7221425F300942F84 /* OutlineCellView.swift in Sources */ = {isa = PBXBuildFile; fileRef = 2240CDA6221425F300942F84 /* OutlineCellView.swift */; };
		2274239421E8BB0B00AB71F9 /* SharingVC.swift in Sources */ = {isa = PBXBuildFile; fileRef = 2274239321E8BB0B00AB71F9 /* SharingVC.swift */; };
		2274239621E8C0F600AB71F9 /* SharingTCV.swift in Sources */ = {isa = PBXBuildFile; fileRef = 2274239521E8C0F600AB71F9 /* SharingTCV.swift */; };
		227A4642221D8DCC0080F7CC /* ConsistencyManager.swift in Sources */ = {isa = PBXBuildFile; fileRef = 227A4641221D8DCC0080F7CC /* ConsistencyManager.swift */; };
		227A4649221D9A2B0080F7CC /* Light.dmp in Resources */ = {isa = PBXBuildFile; fileRef = 227A4647221D9A2A0080F7CC /* Light.dmp */; };
		227A464A221D9A2B0080F7CC /* Full.dmp in Resources */ = {isa = PBXBuildFile; fileRef = 227A4648221D9A2B0080F7CC /* Full.dmp */; };
		22B9F1EF21DD219A00E6E62C /* plistHandler.swift in Sources */ = {isa = PBXBuildFile; fileRef = 22B9F1ED21DD219A00E6E62C /* plistHandler.swift */; };
		22B9F1F021DD219A00E6E62C /* PlistManager.swift in Sources */ = {isa = PBXBuildFile; fileRef = 22B9F1EE21DD219A00E6E62C /* PlistManager.swift */; };
		22B9F1F221DD221400E6E62C /* UserSettings.plist in Resources */ = {isa = PBXBuildFile; fileRef = 22B9F1F121DD221400E6E62C /* UserSettings.plist */; };
		22BD921B21CBDEDB00019853 /* AppDelegate.swift in Sources */ = {isa = PBXBuildFile; fileRef = 22BD921A21CBDEDB00019853 /* AppDelegate.swift */; };
		22BD921D21CBDEDB00019853 /* MainWindowController.swift in Sources */ = {isa = PBXBuildFile; fileRef = 22BD921C21CBDEDB00019853 /* MainWindowController.swift */; };
		22BD922221CBDEDD00019853 /* Assets.xcassets in Resources */ = {isa = PBXBuildFile; fileRef = 22BD922121CBDEDD00019853 /* Assets.xcassets */; };
		22BD922521CBDEDD00019853 /* Main.storyboard in Resources */ = {isa = PBXBuildFile; fileRef = 22BD922321CBDEDD00019853 /* Main.storyboard */; };
		22BD924A21CC159C00019853 /* Extensions.swift in Sources */ = {isa = PBXBuildFile; fileRef = 22BD924921CC159C00019853 /* Extensions.swift */; };
		22BD925621CC1EC400019853 /* macB.xcdatamodeld in Sources */ = {isa = PBXBuildFile; fileRef = 22BD925421CC1EC400019853 /* macB.xcdatamodeld */; };
		22BD925F21CCD03C00019853 /* Verse.swift in Sources */ = {isa = PBXBuildFile; fileRef = 22BD925E21CCD03C00019853 /* Verse.swift */; };
		22BD926121CCD34B00019853 /* Chapter.swift in Sources */ = {isa = PBXBuildFile; fileRef = 22BD926021CCD34B00019853 /* Chapter.swift */; };
		22BD926321CCD35E00019853 /* Book.swift in Sources */ = {isa = PBXBuildFile; fileRef = 22BD926221CCD35E00019853 /* Book.swift */; };
		22BD926521CCD36B00019853 /* Module.swift in Sources */ = {isa = PBXBuildFile; fileRef = 22BD926421CCD36A00019853 /* Module.swift */; };
		22BD926721CCD37F00019853 /* History.swift in Sources */ = {isa = PBXBuildFile; fileRef = 22BD926621CCD37F00019853 /* History.swift */; };
		22BD926921CCD46700019853 /* DownloadManager.swift in Sources */ = {isa = PBXBuildFile; fileRef = 22BD926821CCD46700019853 /* DownloadManager.swift */; };
		22BD926B21CCD48100019853 /* ModuleOffline.swift in Sources */ = {isa = PBXBuildFile; fileRef = 22BD926A21CCD48100019853 /* ModuleOffline.swift */; };
		22BD926D21CCD62F00019853 /* DownloadCellView.swift in Sources */ = {isa = PBXBuildFile; fileRef = 22BD926C21CCD62F00019853 /* DownloadCellView.swift */; };
		22BD927021CCDB0E00019853 /* Protocols.swift in Sources */ = {isa = PBXBuildFile; fileRef = 22BD926F21CCDB0E00019853 /* Protocols.swift */; };
		22BD927421CCFE0500019853 /* DownloadTableViewController.swift in Sources */ = {isa = PBXBuildFile; fileRef = 22BD927321CCFE0500019853 /* DownloadTableViewController.swift */; };
		22CB04AF21D907BA004110E0 /* Strong.swift in Sources */ = {isa = PBXBuildFile; fileRef = 22CB04AD21D907BA004110E0 /* Strong.swift */; };
		22CB04B321D911F2004110E0 /* StrongViewController.swift in Sources */ = {isa = PBXBuildFile; fileRef = 22CB04B221D911F2004110E0 /* StrongViewController.swift */; };
		22CB04B521D9155B004110E0 /* LabelCellView.swift in Sources */ = {isa = PBXBuildFile; fileRef = 22CB04B421D9155B004110E0 /* LabelCellView.swift */; };
		22F68BB221CF87EB001C96D3 /* CoreManager.swift in Sources */ = {isa = PBXBuildFile; fileRef = 22F68BB121CF87EB001C96D3 /* CoreManager.swift */; };
		22F68BB421CFAF4C001C96D3 /* ModuleViewController.swift in Sources */ = {isa = PBXBuildFile; fileRef = 22F68BB321CFAF4C001C96D3 /* ModuleViewController.swift */; };
		22F68BB821CFC556001C96D3 /* MainViewController.swift in Sources */ = {isa = PBXBuildFile; fileRef = 22F68BB721CFC556001C96D3 /* MainViewController.swift */; };
		22FFB73721E26DEF00E7F0FD /* SettingsViewController.swift in Sources */ = {isa = PBXBuildFile; fileRef = 22FFB73621E26DEF00E7F0FD /* SettingsViewController.swift */; };
		60ABE089883483FE0521790F /* Pods_macB.framework in Frameworks */ = {isa = PBXBuildFile; fileRef = F8E84F3FCD55100997776984 /* Pods_macB.framework */; };
/* End PBXBuildFile section */

/* Begin PBXFileReference section */
		0065D28A5CE3F9F2C96E85CD /* Pods-macB.debug.xcconfig */ = {isa = PBXFileReference; includeInIndex = 1; lastKnownFileType = text.xcconfig; name = "Pods-macB.debug.xcconfig"; path = "Pods/Target Support Files/Pods-macB/Pods-macB.debug.xcconfig"; sourceTree = "<group>"; };
		0F4AE5F9062AC3626EDAE46A /* Pods_macBTests.framework */ = {isa = PBXFileReference; explicitFileType = wrapper.framework; includeInIndex = 0; path = Pods_macBTests.framework; sourceTree = BUILT_PRODUCTS_DIR; };
		220055A32214271B0063D3EC /* OutlineSelectionCellView.swift */ = {isa = PBXFileReference; lastKnownFileType = sourcecode.swift; path = OutlineSelectionCellView.swift; sourceTree = "<group>"; };
		22061ECA21F4821100F00B04 /* ListViewController.swift */ = {isa = PBXFileReference; lastKnownFileType = sourcecode.swift; path = ListViewController.swift; sourceTree = "<group>"; };
		22061ECC21F4829C00F00B04 /* ListManager.swift */ = {isa = PBXFileReference; lastKnownFileType = sourcecode.swift; path = ListManager.swift; sourceTree = "<group>"; };
		22061ECE21F4A4DC00F00B04 /* Page.swift */ = {isa = PBXFileReference; lastKnownFileType = sourcecode.swift; path = Page.swift; sourceTree = "<group>"; };
		22061ED021F4A50A00F00B04 /* SpiritChapter.swift */ = {isa = PBXFileReference; lastKnownFileType = sourcecode.swift; path = SpiritChapter.swift; sourceTree = "<group>"; };
		22061ED221F4A52F00F00B04 /* SpiritBook.swift */ = {isa = PBXFileReference; lastKnownFileType = sourcecode.swift; path = SpiritBook.swift; sourceTree = "<group>"; };
		22061ED421F4A76E00F00B04 /* Roman.swift */ = {isa = PBXFileReference; lastKnownFileType = sourcecode.swift; path = Roman.swift; sourceTree = "<group>"; };
		22061ED621F4B6E600F00B04 /* SpiritHTMLParser.swift */ = {isa = PBXFileReference; lastKnownFileType = sourcecode.swift; path = SpiritHTMLParser.swift; sourceTree = "<group>"; };
		221A3E8F21D243B9007C269E /* ModuleManagerViewController.swift */ = {isa = PBXFileReference; lastKnownFileType = sourcecode.swift; path = ModuleManagerViewController.swift; sourceTree = "<group>"; };
		221A3E9121D51233007C269E /* DropView.swift */ = {isa = PBXFileReference; lastKnownFileType = sourcecode.swift; path = DropView.swift; sourceTree = "<group>"; };
		221A619221F64AE80003CCC0 /* SpiritViewController.swift */ = {isa = PBXFileReference; lastKnownFileType = sourcecode.swift; path = SpiritViewController.swift; sourceTree = "<group>"; };
		221A619421F650820003CCC0 /* SpiritManager.swift */ = {isa = PBXFileReference; lastKnownFileType = sourcecode.swift; path = SpiritManager.swift; sourceTree = "<group>"; };
		221E37DE220AE4FF003D8E40 /* OpenBible.app */ = {isa = PBXFileReference; explicitFileType = wrapper.application; includeInIndex = 0; path = OpenBible.app; sourceTree = BUILT_PRODUCTS_DIR; };
		221E37ED220AE500003D8E40 /* Base */ = {isa = PBXFileReference; lastKnownFileType = file.storyboard; name = Base; path = Base.lproj/LaunchScreen.storyboard; sourceTree = "<group>"; };
		221E37F3220AE5D5003D8E40 /* Info.plist */ = {isa = PBXFileReference; fileEncoding = 4; lastKnownFileType = text.plist.xml; path = Info.plist; sourceTree = "<group>"; };
		221E37F6220AE628003D8E40 /* OpenBible.xcdatamodel */ = {isa = PBXFileReference; lastKnownFileType = wrapper.xcdatamodel; path = OpenBible.xcdatamodel; sourceTree = "<group>"; };
		221E37F8220AE664003D8E40 /* AppDelegate.swift */ = {isa = PBXFileReference; fileEncoding = 4; lastKnownFileType = sourcecode.swift; path = AppDelegate.swift; sourceTree = "<group>"; };
		221E37FB220AE6AC003D8E40 /* Bonjour.swift */ = {isa = PBXFileReference; fileEncoding = 4; lastKnownFileType = sourcecode.swift; path = Bonjour.swift; sourceTree = "<group>"; };
		221E37FD220AE6AC003D8E40 /* Extensions.swift */ = {isa = PBXFileReference; fileEncoding = 4; lastKnownFileType = sourcecode.swift; path = Extensions.swift; sourceTree = "<group>"; };
		221E37FE220AE6AC003D8E40 /* Protocols.swift */ = {isa = PBXFileReference; fileEncoding = 4; lastKnownFileType = sourcecode.swift; path = Protocols.swift; sourceTree = "<group>"; };
		221E3804220AE6D7003D8E40 /* UserSettings.plist */ = {isa = PBXFileReference; fileEncoding = 4; lastKnownFileType = text.plist.xml; path = UserSettings.plist; sourceTree = "<group>"; };
		221E3806220AE6DE003D8E40 /* Localizable.strings */ = {isa = PBXFileReference; fileEncoding = 4; lastKnownFileType = text.plist.strings; path = Localizable.strings; sourceTree = "<group>"; };
		221E3808220AE953003D8E40 /* Main.storyboard */ = {isa = PBXFileReference; fileEncoding = 4; lastKnownFileType = file.storyboard; path = Main.storyboard; sourceTree = "<group>"; };
		221E380A220AE971003D8E40 /* Assets.xcassets */ = {isa = PBXFileReference; lastKnownFileType = folder.assetcatalog; path = Assets.xcassets; sourceTree = "<group>"; };
		221E380D220AE999003D8E40 /* CoreSyncManager.swift */ = {isa = PBXFileReference; fileEncoding = 4; lastKnownFileType = sourcecode.swift; path = CoreSyncManager.swift; sourceTree = "<group>"; };
		221E380E220AE999003D8E40 /* VerseManager.swift */ = {isa = PBXFileReference; fileEncoding = 4; lastKnownFileType = sourcecode.swift; path = VerseManager.swift; sourceTree = "<group>"; };
		221E380F220AE999003D8E40 /* plistHandler.swift */ = {isa = PBXFileReference; fileEncoding = 4; lastKnownFileType = sourcecode.swift; path = plistHandler.swift; sourceTree = "<group>"; };
		221E3810220AE999003D8E40 /* SyncManager.swift */ = {isa = PBXFileReference; fileEncoding = 4; lastKnownFileType = sourcecode.swift; path = SyncManager.swift; sourceTree = "<group>"; };
		221E3811220AE99A003D8E40 /* Manager.swift */ = {isa = PBXFileReference; fileEncoding = 4; lastKnownFileType = sourcecode.swift; path = Manager.swift; sourceTree = "<group>"; };
		221E3812220AE99A003D8E40 /* DownloadManager.swift */ = {isa = PBXFileReference; fileEncoding = 4; lastKnownFileType = sourcecode.swift; path = DownloadManager.swift; sourceTree = "<group>"; };
		221E3813220AE99A003D8E40 /* PlistManager.swift */ = {isa = PBXFileReference; fileEncoding = 4; lastKnownFileType = sourcecode.swift; path = PlistManager.swift; sourceTree = "<group>"; };
		221E3833220AE9ED003D8E40 /* MainTabBarController.swift */ = {isa = PBXFileReference; fileEncoding = 4; lastKnownFileType = sourcecode.swift; path = MainTabBarController.swift; sourceTree = "<group>"; };
		221E3834220AE9ED003D8E40 /* ModalViewController.swift */ = {isa = PBXFileReference; fileEncoding = 4; lastKnownFileType = sourcecode.swift; path = ModalViewController.swift; sourceTree = "<group>"; };
		221E3835220AE9ED003D8E40 /* StrongViewController.swift */ = {isa = PBXFileReference; fileEncoding = 4; lastKnownFileType = sourcecode.swift; path = StrongViewController.swift; sourceTree = "<group>"; };
		221E3837220AE9ED003D8E40 /* ContainerViewController.swift */ = {isa = PBXFileReference; fileEncoding = 4; lastKnownFileType = sourcecode.swift; path = ContainerViewController.swift; sourceTree = "<group>"; };
		221E3838220AE9ED003D8E40 /* DownloadViewController.swift */ = {isa = PBXFileReference; fileEncoding = 4; lastKnownFileType = sourcecode.swift; path = DownloadViewController.swift; sourceTree = "<group>"; };
		221E383A220AE9EE003D8E40 /* LeftSelectionViewController.swift */ = {isa = PBXFileReference; fileEncoding = 4; lastKnownFileType = sourcecode.swift; path = LeftSelectionViewController.swift; sourceTree = "<group>"; };
		221E383B220AE9EE003D8E40 /* HistoryViewController.swift */ = {isa = PBXFileReference; fileEncoding = 4; lastKnownFileType = sourcecode.swift; path = HistoryViewController.swift; sourceTree = "<group>"; };
		221E383C220AE9EE003D8E40 /* SyncViewController.swift */ = {isa = PBXFileReference; fileEncoding = 4; lastKnownFileType = sourcecode.swift; path = SyncViewController.swift; sourceTree = "<group>"; };
		221E383D220AE9EE003D8E40 /* SidePanelViewController.swift */ = {isa = PBXFileReference; fileEncoding = 4; lastKnownFileType = sourcecode.swift; path = SidePanelViewController.swift; sourceTree = "<group>"; };
		221E384A220AEA00003D8E40 /* NumberCollectionViewCell.swift */ = {isa = PBXFileReference; fileEncoding = 4; lastKnownFileType = sourcecode.swift; path = NumberCollectionViewCell.swift; sourceTree = "<group>"; };
		221E384B220AEA00003D8E40 /* SearchTextField.swift */ = {isa = PBXFileReference; fileEncoding = 4; lastKnownFileType = sourcecode.swift; path = SearchTextField.swift; sourceTree = "<group>"; };
		221E384C220AEA00003D8E40 /* ServiceTableViewCell.swift */ = {isa = PBXFileReference; fileEncoding = 4; lastKnownFileType = sourcecode.swift; path = ServiceTableViewCell.swift; sourceTree = "<group>"; };
		221E384D220AEA01003D8E40 /* BookTableViewCell.swift */ = {isa = PBXFileReference; fileEncoding = 4; lastKnownFileType = sourcecode.swift; path = BookTableViewCell.swift; sourceTree = "<group>"; };
		221E384F220AEA01003D8E40 /* DownloadCell.swift */ = {isa = PBXFileReference; fileEncoding = 4; lastKnownFileType = sourcecode.swift; path = DownloadCell.swift; sourceTree = "<group>"; };
		221E3859220AEC64003D8E40 /* Verse.swift */ = {isa = PBXFileReference; fileEncoding = 4; lastKnownFileType = sourcecode.swift; path = Verse.swift; sourceTree = "<group>"; };
		221E385C220AF674003D8E40 /* SplitTextViewController.swift */ = {isa = PBXFileReference; lastKnownFileType = sourcecode.swift; path = SplitTextViewController.swift; sourceTree = "<group>"; };
		221F4D9921D928B90014CED9 /* StrongDetailViewController.swift */ = {isa = PBXFileReference; lastKnownFileType = sourcecode.swift; path = StrongDetailViewController.swift; sourceTree = "<group>"; };
		222222A22213108700AFDE40 /* StrongManager.swift */ = {isa = PBXFileReference; lastKnownFileType = sourcecode.swift; path = StrongManager.swift; sourceTree = "<group>"; };
		22234EB821D1388C00BC595D /* FileManagerViewController.swift */ = {isa = PBXFileReference; lastKnownFileType = sourcecode.swift; path = FileManagerViewController.swift; sourceTree = "<group>"; };
		22234EBC21D13B6400BC595D /* TabViewController.swift */ = {isa = PBXFileReference; lastKnownFileType = sourcecode.swift; path = TabViewController.swift; sourceTree = "<group>"; };
		22234EBE21D13FB500BC595D /* DropImageView.swift */ = {isa = PBXFileReference; lastKnownFileType = sourcecode.swift; path = DropImageView.swift; sourceTree = "<group>"; };
		22234EC021D1453A00BC595D /* FileManager.swift */ = {isa = PBXFileReference; lastKnownFileType = sourcecode.swift; path = FileManager.swift; sourceTree = "<group>"; };
		22234EC221D164A000BC595D /* HTMLParser.swift */ = {isa = PBXFileReference; lastKnownFileType = sourcecode.swift; path = HTMLParser.swift; sourceTree = "<group>"; };
		2235F68822142D3100E46411 /* OutlineViewController.swift */ = {isa = PBXFileReference; lastKnownFileType = sourcecode.swift; path = OutlineViewController.swift; sourceTree = "<group>"; };
		223DE5292213600C0040F120 /* macB.sqlite */ = {isa = PBXFileReference; lastKnownFileType = file; path = macB.sqlite; sourceTree = "<group>"; };
		2240220221EB457300DC8E2F /* SharingManager.swift */ = {isa = PBXFileReference; lastKnownFileType = sourcecode.swift; path = SharingManager.swift; sourceTree = "<group>"; };
		2240220421EB479900DC8E2F /* Types.swift */ = {isa = PBXFileReference; lastKnownFileType = sourcecode.swift; path = Types.swift; sourceTree = "<group>"; };
		2240CDA6221425F300942F84 /* OutlineCellView.swift */ = {isa = PBXFileReference; lastKnownFileType = sourcecode.swift; path = OutlineCellView.swift; sourceTree = "<group>"; };
		2274239321E8BB0B00AB71F9 /* SharingVC.swift */ = {isa = PBXFileReference; lastKnownFileType = sourcecode.swift; path = SharingVC.swift; sourceTree = "<group>"; };
		2274239521E8C0F600AB71F9 /* SharingTCV.swift */ = {isa = PBXFileReference; lastKnownFileType = sourcecode.swift; path = SharingTCV.swift; sourceTree = "<group>"; };
		227A4641221D8DCC0080F7CC /* ConsistencyManager.swift */ = {isa = PBXFileReference; lastKnownFileType = sourcecode.swift; path = ConsistencyManager.swift; sourceTree = "<group>"; };
		227A4647221D9A2A0080F7CC /* Light.dmp */ = {isa = PBXFileReference; lastKnownFileType = file.bplist; path = Light.dmp; sourceTree = "<group>"; };
		227A4648221D9A2B0080F7CC /* Full.dmp */ = {isa = PBXFileReference; lastKnownFileType = file.bplist; path = Full.dmp; sourceTree = "<group>"; };
		22B9F1ED21DD219A00E6E62C /* plistHandler.swift */ = {isa = PBXFileReference; lastKnownFileType = sourcecode.swift; path = plistHandler.swift; sourceTree = "<group>"; };
		22B9F1EE21DD219A00E6E62C /* PlistManager.swift */ = {isa = PBXFileReference; lastKnownFileType = sourcecode.swift; path = PlistManager.swift; sourceTree = "<group>"; };
		22B9F1F121DD221400E6E62C /* UserSettings.plist */ = {isa = PBXFileReference; lastKnownFileType = text.plist.xml; path = UserSettings.plist; sourceTree = "<group>"; };
		22BD921721CBDEDB00019853 /* macB.app */ = {isa = PBXFileReference; explicitFileType = wrapper.application; includeInIndex = 0; path = macB.app; sourceTree = BUILT_PRODUCTS_DIR; };
		22BD921A21CBDEDB00019853 /* AppDelegate.swift */ = {isa = PBXFileReference; lastKnownFileType = sourcecode.swift; path = AppDelegate.swift; sourceTree = "<group>"; };
		22BD921C21CBDEDB00019853 /* MainWindowController.swift */ = {isa = PBXFileReference; lastKnownFileType = sourcecode.swift; path = MainWindowController.swift; sourceTree = "<group>"; };
		22BD922121CBDEDD00019853 /* Assets.xcassets */ = {isa = PBXFileReference; lastKnownFileType = folder.assetcatalog; path = Assets.xcassets; sourceTree = "<group>"; };
		22BD922421CBDEDD00019853 /* Base */ = {isa = PBXFileReference; lastKnownFileType = file.storyboard; name = Base; path = Base.lproj/Main.storyboard; sourceTree = "<group>"; };
		22BD922621CBDEDD00019853 /* Info.plist */ = {isa = PBXFileReference; lastKnownFileType = text.plist.xml; path = Info.plist; sourceTree = "<group>"; };
		22BD922721CBDEDD00019853 /* macB.entitlements */ = {isa = PBXFileReference; lastKnownFileType = text.plist.entitlements; path = macB.entitlements; sourceTree = "<group>"; };
		22BD924921CC159C00019853 /* Extensions.swift */ = {isa = PBXFileReference; fileEncoding = 4; lastKnownFileType = sourcecode.swift; path = Extensions.swift; sourceTree = "<group>"; };
		22BD925521CC1EC400019853 /* macB.xcdatamodel */ = {isa = PBXFileReference; lastKnownFileType = wrapper.xcdatamodel; path = macB.xcdatamodel; sourceTree = "<group>"; };
		22BD925E21CCD03C00019853 /* Verse.swift */ = {isa = PBXFileReference; lastKnownFileType = sourcecode.swift; path = Verse.swift; sourceTree = "<group>"; };
		22BD926021CCD34B00019853 /* Chapter.swift */ = {isa = PBXFileReference; lastKnownFileType = sourcecode.swift; path = Chapter.swift; sourceTree = "<group>"; };
		22BD926221CCD35E00019853 /* Book.swift */ = {isa = PBXFileReference; lastKnownFileType = sourcecode.swift; path = Book.swift; sourceTree = "<group>"; };
		22BD926421CCD36A00019853 /* Module.swift */ = {isa = PBXFileReference; lastKnownFileType = sourcecode.swift; path = Module.swift; sourceTree = "<group>"; };
		22BD926621CCD37F00019853 /* History.swift */ = {isa = PBXFileReference; lastKnownFileType = sourcecode.swift; path = History.swift; sourceTree = "<group>"; };
		22BD926821CCD46700019853 /* DownloadManager.swift */ = {isa = PBXFileReference; fileEncoding = 4; lastKnownFileType = sourcecode.swift; path = DownloadManager.swift; sourceTree = "<group>"; };
		22BD926A21CCD48100019853 /* ModuleOffline.swift */ = {isa = PBXFileReference; fileEncoding = 4; lastKnownFileType = sourcecode.swift; path = ModuleOffline.swift; sourceTree = "<group>"; };
		22BD926C21CCD62F00019853 /* DownloadCellView.swift */ = {isa = PBXFileReference; lastKnownFileType = sourcecode.swift; path = DownloadCellView.swift; sourceTree = "<group>"; };
		22BD926F21CCDB0E00019853 /* Protocols.swift */ = {isa = PBXFileReference; lastKnownFileType = sourcecode.swift; path = Protocols.swift; sourceTree = "<group>"; };
		22BD927321CCFE0500019853 /* DownloadTableViewController.swift */ = {isa = PBXFileReference; lastKnownFileType = sourcecode.swift; path = DownloadTableViewController.swift; sourceTree = "<group>"; };
		22CB04AD21D907BA004110E0 /* Strong.swift */ = {isa = PBXFileReference; lastKnownFileType = sourcecode.swift; path = Strong.swift; sourceTree = "<group>"; };
		22CB04B221D911F2004110E0 /* StrongViewController.swift */ = {isa = PBXFileReference; lastKnownFileType = sourcecode.swift; path = StrongViewController.swift; sourceTree = "<group>"; };
		22CB04B421D9155B004110E0 /* LabelCellView.swift */ = {isa = PBXFileReference; lastKnownFileType = sourcecode.swift; path = LabelCellView.swift; sourceTree = "<group>"; };
		22F68BB121CF87EB001C96D3 /* CoreManager.swift */ = {isa = PBXFileReference; lastKnownFileType = sourcecode.swift; path = CoreManager.swift; sourceTree = "<group>"; };
		22F68BB321CFAF4C001C96D3 /* ModuleViewController.swift */ = {isa = PBXFileReference; lastKnownFileType = sourcecode.swift; path = ModuleViewController.swift; sourceTree = "<group>"; };
		22F68BB721CFC556001C96D3 /* MainViewController.swift */ = {isa = PBXFileReference; lastKnownFileType = sourcecode.swift; path = MainViewController.swift; sourceTree = "<group>"; };
		22FFB73621E26DEF00E7F0FD /* SettingsViewController.swift */ = {isa = PBXFileReference; lastKnownFileType = sourcecode.swift; path = SettingsViewController.swift; sourceTree = "<group>"; };
		3689E8B4A62D58A55890DF22 /* Pods-macBTests.release.xcconfig */ = {isa = PBXFileReference; includeInIndex = 1; lastKnownFileType = text.xcconfig; name = "Pods-macBTests.release.xcconfig"; path = "Pods/Target Support Files/Pods-macBTests/Pods-macBTests.release.xcconfig"; sourceTree = "<group>"; };
		6BB517BD524BDC59EBCFD849 /* Pods_macBUITests.framework */ = {isa = PBXFileReference; explicitFileType = wrapper.framework; includeInIndex = 0; path = Pods_macBUITests.framework; sourceTree = BUILT_PRODUCTS_DIR; };
		AD160E5FEDA78783DF46F294 /* Pods-macBTests.debug.xcconfig */ = {isa = PBXFileReference; includeInIndex = 1; lastKnownFileType = text.xcconfig; name = "Pods-macBTests.debug.xcconfig"; path = "Pods/Target Support Files/Pods-macBTests/Pods-macBTests.debug.xcconfig"; sourceTree = "<group>"; };
		B0F7068134E2450212CC168F /* Pods-macBUITests.release.xcconfig */ = {isa = PBXFileReference; includeInIndex = 1; lastKnownFileType = text.xcconfig; name = "Pods-macBUITests.release.xcconfig"; path = "Pods/Target Support Files/Pods-macBUITests/Pods-macBUITests.release.xcconfig"; sourceTree = "<group>"; };
		D85876AA1B1FFFCA2873062C /* Pods-macB.release.xcconfig */ = {isa = PBXFileReference; includeInIndex = 1; lastKnownFileType = text.xcconfig; name = "Pods-macB.release.xcconfig"; path = "Pods/Target Support Files/Pods-macB/Pods-macB.release.xcconfig"; sourceTree = "<group>"; };
		F1344BC5BB3A42B421BF3C2D /* Pods-macBUITests.debug.xcconfig */ = {isa = PBXFileReference; includeInIndex = 1; lastKnownFileType = text.xcconfig; name = "Pods-macBUITests.debug.xcconfig"; path = "Pods/Target Support Files/Pods-macBUITests/Pods-macBUITests.debug.xcconfig"; sourceTree = "<group>"; };
		F8E84F3FCD55100997776984 /* Pods_macB.framework */ = {isa = PBXFileReference; explicitFileType = wrapper.framework; includeInIndex = 0; path = Pods_macB.framework; sourceTree = BUILT_PRODUCTS_DIR; };
/* End PBXFileReference section */

/* Begin PBXFrameworksBuildPhase section */
		221E37DB220AE4FF003D8E40 /* Frameworks */ = {
			isa = PBXFrameworksBuildPhase;
			buildActionMask = 2147483647;
			files = (
			);
			runOnlyForDeploymentPostprocessing = 0;
		};
		22BD921421CBDEDB00019853 /* Frameworks */ = {
			isa = PBXFrameworksBuildPhase;
			buildActionMask = 2147483647;
			files = (
				60ABE089883483FE0521790F /* Pods_macB.framework in Frameworks */,
			);
			runOnlyForDeploymentPostprocessing = 0;
		};
/* End PBXFrameworksBuildPhase section */

/* Begin PBXGroup section */
		221E37DF220AE4FF003D8E40 /* OpenBible */ = {
			isa = PBXGroup;
			children = (
				221E37F8220AE664003D8E40 /* AppDelegate.swift */,
				221E3849220AE9F6003D8E40 /* Views */,
				221E3832220AE9DE003D8E40 /* Controllers */,
				221E380C220AE990003D8E40 /* Managing */,
				221E3858220AEC51003D8E40 /* Core Data */,
				221E37FA220AE693003D8E40 /* Supplement */,
				221E3803220AE6C4003D8E40 /* Supporting Files */,
				221E3808220AE953003D8E40 /* Main.storyboard */,
				221E37F3220AE5D5003D8E40 /* Info.plist */,
				221E3806220AE6DE003D8E40 /* Localizable.strings */,
				221E3804220AE6D7003D8E40 /* UserSettings.plist */,
				221E37F5220AE628003D8E40 /* OpenBible.xcdatamodeld */,
				227A4648221D9A2B0080F7CC /* Full.dmp */,
				227A4647221D9A2A0080F7CC /* Light.dmp */,
			);
			path = OpenBible;
			sourceTree = "<group>";
		};
		221E37FA220AE693003D8E40 /* Supplement */ = {
			isa = PBXGroup;
			children = (
				221E37FB220AE6AC003D8E40 /* Bonjour.swift */,
				221E37FD220AE6AC003D8E40 /* Extensions.swift */,
				221E37FE220AE6AC003D8E40 /* Protocols.swift */,
			);
			path = Supplement;
			sourceTree = "<group>";
		};
		221E3803220AE6C4003D8E40 /* Supporting Files */ = {
			isa = PBXGroup;
			children = (
				221E380A220AE971003D8E40 /* Assets.xcassets */,
				221E37EC220AE500003D8E40 /* LaunchScreen.storyboard */,
			);
			path = "Supporting Files";
			sourceTree = "<group>";
		};
		221E380C220AE990003D8E40 /* Managing */ = {
			isa = PBXGroup;
			children = (
				221E3812220AE99A003D8E40 /* DownloadManager.swift */,
				221E380E220AE999003D8E40 /* VerseManager.swift */,
				221E3811220AE99A003D8E40 /* Manager.swift */,
				221E380F220AE999003D8E40 /* plistHandler.swift */,
				221E3813220AE99A003D8E40 /* PlistManager.swift */,
				221E3810220AE999003D8E40 /* SyncManager.swift */,
				221E380D220AE999003D8E40 /* CoreSyncManager.swift */,
				227A4641221D8DCC0080F7CC /* ConsistencyManager.swift */,
			);
			path = Managing;
			sourceTree = "<group>";
		};
		221E3832220AE9DE003D8E40 /* Controllers */ = {
			isa = PBXGroup;
			children = (
				221E3861220C238F003D8E40 /* Manage */,
				221E3860220C236F003D8E40 /* Containers */,
				221E385F220C235E003D8E40 /* Present */,
				221E385E220C233A003D8E40 /* Download */,
			);
			path = Controllers;
			sourceTree = "<group>";
		};
		221E3849220AE9F6003D8E40 /* Views */ = {
			isa = PBXGroup;
			children = (
				221E384D220AEA01003D8E40 /* BookTableViewCell.swift */,
				221E384F220AEA01003D8E40 /* DownloadCell.swift */,
				221E384A220AEA00003D8E40 /* NumberCollectionViewCell.swift */,
				221E384B220AEA00003D8E40 /* SearchTextField.swift */,
				221E384C220AEA00003D8E40 /* ServiceTableViewCell.swift */,
			);
			path = Views;
			sourceTree = "<group>";
		};
		221E3858220AEC51003D8E40 /* Core Data */ = {
			isa = PBXGroup;
			children = (
				221E3859220AEC64003D8E40 /* Verse.swift */,
			);
			path = "Core Data";
			sourceTree = "<group>";
		};
		221E385E220C233A003D8E40 /* Download */ = {
			isa = PBXGroup;
			children = (
				221E3838220AE9ED003D8E40 /* DownloadViewController.swift */,
				221E383C220AE9EE003D8E40 /* SyncViewController.swift */,
			);
			path = Download;
			sourceTree = "<group>";
		};
		221E385F220C235E003D8E40 /* Present */ = {
			isa = PBXGroup;
			children = (
				221E385C220AF674003D8E40 /* SplitTextViewController.swift */,
				221E383B220AE9EE003D8E40 /* HistoryViewController.swift */,
				221E3835220AE9ED003D8E40 /* StrongViewController.swift */,
			);
			path = Present;
			sourceTree = "<group>";
		};
		221E3860220C236F003D8E40 /* Containers */ = {
			isa = PBXGroup;
			children = (
				221E3833220AE9ED003D8E40 /* MainTabBarController.swift */,
				221E3837220AE9ED003D8E40 /* ContainerViewController.swift */,
				221E383D220AE9EE003D8E40 /* SidePanelViewController.swift */,
			);
			path = Containers;
			sourceTree = "<group>";
		};
		221E3861220C238F003D8E40 /* Manage */ = {
			isa = PBXGroup;
			children = (
				221E383A220AE9EE003D8E40 /* LeftSelectionViewController.swift */,
				221E3834220AE9ED003D8E40 /* ModalViewController.swift */,
			);
			path = Manage;
			sourceTree = "<group>";
		};
		22BD920E21CBDEDB00019853 = {
			isa = PBXGroup;
			children = (
				22BD921921CBDEDB00019853 /* macB */,
				221E37DF220AE4FF003D8E40 /* OpenBible */,
				22BD921821CBDEDB00019853 /* Products */,
				81136A21056D864EC76C0C8E /* Pods */,
				43072824CA4E971833228D31 /* Frameworks */,
			);
			sourceTree = "<group>";
		};
		22BD921821CBDEDB00019853 /* Products */ = {
			isa = PBXGroup;
			children = (
				22BD921721CBDEDB00019853 /* macB.app */,
				221E37DE220AE4FF003D8E40 /* OpenBible.app */,
			);
			name = Products;
			sourceTree = "<group>";
		};
		22BD921921CBDEDB00019853 /* macB */ = {
			isa = PBXGroup;
			children = (
				22BD926E21CCD63400019853 /* Views */,
				22BD927221CCFDB900019853 /* VC */,
				22BD921C21CBDEDB00019853 /* MainWindowController.swift */,
				22BD922321CBDEDD00019853 /* Main.storyboard */,
				22BD922621CBDEDD00019853 /* Info.plist */,
				22CB04B121D90A42004110E0 /* Managing */,
				22BD925D21CCD02400019853 /* CoreData */,
				22BD927121CCDB1500019853 /* Supplement */,
				22BD921A21CBDEDB00019853 /* AppDelegate.swift */,
				22BD922121CBDEDD00019853 /* Assets.xcassets */,
				22BD922721CBDEDD00019853 /* macB.entitlements */,
				22BD925421CC1EC400019853 /* macB.xcdatamodeld */,
				22B9F1F121DD221400E6E62C /* UserSettings.plist */,
				223DE5292213600C0040F120 /* macB.sqlite */,
			);
			path = macB;
			sourceTree = "<group>";
		};
		22BD925D21CCD02400019853 /* CoreData */ = {
			isa = PBXGroup;
			children = (
				22BD925E21CCD03C00019853 /* Verse.swift */,
				22BD926021CCD34B00019853 /* Chapter.swift */,
				22BD926221CCD35E00019853 /* Book.swift */,
				22BD926421CCD36A00019853 /* Module.swift */,
				22BD926A21CCD48100019853 /* ModuleOffline.swift */,
				22BD926621CCD37F00019853 /* History.swift */,
				22CB04AD21D907BA004110E0 /* Strong.swift */,
				22061ECE21F4A4DC00F00B04 /* Page.swift */,
				22061ED021F4A50A00F00B04 /* SpiritChapter.swift */,
				22061ED221F4A52F00F00B04 /* SpiritBook.swift */,
			);
			path = CoreData;
			sourceTree = "<group>";
		};
		22BD926E21CCD63400019853 /* Views */ = {
			isa = PBXGroup;
			children = (
				22BD926C21CCD62F00019853 /* DownloadCellView.swift */,
				22234EBE21D13FB500BC595D /* DropImageView.swift */,
				221A3E9121D51233007C269E /* DropView.swift */,
				22CB04B421D9155B004110E0 /* LabelCellView.swift */,
				2274239521E8C0F600AB71F9 /* SharingTCV.swift */,
				2240CDA6221425F300942F84 /* OutlineCellView.swift */,
				220055A32214271B0063D3EC /* OutlineSelectionCellView.swift */,
			);
			path = Views;
			sourceTree = "<group>";
		};
		22BD927121CCDB1500019853 /* Supplement */ = {
			isa = PBXGroup;
			children = (
				22BD926F21CCDB0E00019853 /* Protocols.swift */,
				22BD924921CC159C00019853 /* Extensions.swift */,
				2240220421EB479900DC8E2F /* Types.swift */,
				22061ED421F4A76E00F00B04 /* Roman.swift */,
			);
			path = Supplement;
			sourceTree = "<group>";
		};
		22BD927221CCFDB900019853 /* VC */ = {
			isa = PBXGroup;
			children = (
				22F68BB721CFC556001C96D3 /* MainViewController.swift */,
				22F68BB321CFAF4C001C96D3 /* ModuleViewController.swift */,
				22BD927321CCFE0500019853 /* DownloadTableViewController.swift */,
				22234EB821D1388C00BC595D /* FileManagerViewController.swift */,
				22234EBC21D13B6400BC595D /* TabViewController.swift */,
				221A3E8F21D243B9007C269E /* ModuleManagerViewController.swift */,
				22CB04B221D911F2004110E0 /* StrongViewController.swift */,
				221F4D9921D928B90014CED9 /* StrongDetailViewController.swift */,
				22FFB73621E26DEF00E7F0FD /* SettingsViewController.swift */,
				2274239321E8BB0B00AB71F9 /* SharingVC.swift */,
				22061ECA21F4821100F00B04 /* ListViewController.swift */,
				221A619221F64AE80003CCC0 /* SpiritViewController.swift */,
				2235F68822142D3100E46411 /* OutlineViewController.swift */,
			);
			path = VC;
			sourceTree = "<group>";
		};
		22CB04B121D90A42004110E0 /* Managing */ = {
			isa = PBXGroup;
			children = (
				22BD926821CCD46700019853 /* DownloadManager.swift */,
				22F68BB121CF87EB001C96D3 /* CoreManager.swift */,
				221A619421F650820003CCC0 /* SpiritManager.swift */,
				22234EC021D1453A00BC595D /* FileManager.swift */,
				22234EC221D164A000BC595D /* HTMLParser.swift */,
				22061ED621F4B6E600F00B04 /* SpiritHTMLParser.swift */,
				22B9F1EE21DD219A00E6E62C /* PlistManager.swift */,
				22B9F1ED21DD219A00E6E62C /* plistHandler.swift */,
				2240220221EB457300DC8E2F /* SharingManager.swift */,
				22061ECC21F4829C00F00B04 /* ListManager.swift */,
				222222A22213108700AFDE40 /* StrongManager.swift */,
			);
			path = Managing;
			sourceTree = "<group>";
		};
		43072824CA4E971833228D31 /* Frameworks */ = {
			isa = PBXGroup;
			children = (
				F8E84F3FCD55100997776984 /* Pods_macB.framework */,
				0F4AE5F9062AC3626EDAE46A /* Pods_macBTests.framework */,
				6BB517BD524BDC59EBCFD849 /* Pods_macBUITests.framework */,
			);
			name = Frameworks;
			sourceTree = "<group>";
		};
		81136A21056D864EC76C0C8E /* Pods */ = {
			isa = PBXGroup;
			children = (
				0065D28A5CE3F9F2C96E85CD /* Pods-macB.debug.xcconfig */,
				D85876AA1B1FFFCA2873062C /* Pods-macB.release.xcconfig */,
				AD160E5FEDA78783DF46F294 /* Pods-macBTests.debug.xcconfig */,
				3689E8B4A62D58A55890DF22 /* Pods-macBTests.release.xcconfig */,
				F1344BC5BB3A42B421BF3C2D /* Pods-macBUITests.debug.xcconfig */,
				B0F7068134E2450212CC168F /* Pods-macBUITests.release.xcconfig */,
			);
			name = Pods;
			sourceTree = "<group>";
		};
/* End PBXGroup section */

/* Begin PBXNativeTarget section */
		221E37DD220AE4FF003D8E40 /* OpenBible */ = {
			isa = PBXNativeTarget;
			buildConfigurationList = 221E37F2220AE500003D8E40 /* Build configuration list for PBXNativeTarget "OpenBible" */;
			buildPhases = (
				221E37DA220AE4FF003D8E40 /* Sources */,
				221E37DB220AE4FF003D8E40 /* Frameworks */,
				221E37DC220AE4FF003D8E40 /* Resources */,
			);
			buildRules = (
			);
			dependencies = (
			);
			name = OpenBible;
			productName = OpenBible;
			productReference = 221E37DE220AE4FF003D8E40 /* OpenBible.app */;
			productType = "com.apple.product-type.application";
		};
		22BD921621CBDEDB00019853 /* macB */ = {
			isa = PBXNativeTarget;
			buildConfigurationList = 22BD924021CBDEDD00019853 /* Build configuration list for PBXNativeTarget "macB" */;
			buildPhases = (
				18926BD0092254F6A6022AEC /* [CP] Check Pods Manifest.lock */,
				22BD921321CBDEDB00019853 /* Sources */,
				22BD921421CBDEDB00019853 /* Frameworks */,
				22BD921521CBDEDB00019853 /* Resources */,
				5B8BC53E74A40171B495E2E9 /* [CP] Embed Pods Frameworks */,
			);
			buildRules = (
			);
			dependencies = (
			);
			name = macB;
			productName = macB;
			productReference = 22BD921721CBDEDB00019853 /* macB.app */;
			productType = "com.apple.product-type.application";
		};
/* End PBXNativeTarget section */

/* Begin PBXProject section */
		22BD920F21CBDEDB00019853 /* Project object */ = {
			isa = PBXProject;
			attributes = {
				LastSwiftUpdateCheck = 1010;
				LastUpgradeCheck = 1010;
				ORGANIZATIONNAME = "Denis Dobanda";
				TargetAttributes = {
					221E37DD220AE4FF003D8E40 = {
						CreatedOnToolsVersion = 10.1;
						LastSwiftMigration = 1010;
					};
					22BD921621CBDEDB00019853 = {
						CreatedOnToolsVersion = 10.1;
						SystemCapabilities = {
							com.apple.Sandbox = {
								enabled = 1;
							};
						};
					};
				};
			};
			buildConfigurationList = 22BD921221CBDEDB00019853 /* Build configuration list for PBXProject "macB" */;
			compatibilityVersion = "Xcode 9.3";
			developmentRegion = en;
			hasScannedForEncodings = 0;
			knownRegions = (
				en,
				Base,
			);
			mainGroup = 22BD920E21CBDEDB00019853;
			productRefGroup = 22BD921821CBDEDB00019853 /* Products */;
			projectDirPath = "";
			projectRoot = "";
			targets = (
				22BD921621CBDEDB00019853 /* macB */,
				221E37DD220AE4FF003D8E40 /* OpenBible */,
			);
		};
/* End PBXProject section */

/* Begin PBXResourcesBuildPhase section */
		221E37DC220AE4FF003D8E40 /* Resources */ = {
			isa = PBXResourcesBuildPhase;
			buildActionMask = 2147483647;
			files = (
				227A4649221D9A2B0080F7CC /* Light.dmp in Resources */,
				221E3807220AE6DE003D8E40 /* Localizable.strings in Resources */,
				221E37EE220AE500003D8E40 /* LaunchScreen.storyboard in Resources */,
				227A464A221D9A2B0080F7CC /* Full.dmp in Resources */,
				221E3809220AE953003D8E40 /* Main.storyboard in Resources */,
				221E380B220AE972003D8E40 /* Assets.xcassets in Resources */,
				221E3805220AE6D7003D8E40 /* UserSettings.plist in Resources */,
			);
			runOnlyForDeploymentPostprocessing = 0;
		};
		22BD921521CBDEDB00019853 /* Resources */ = {
			isa = PBXResourcesBuildPhase;
			buildActionMask = 2147483647;
			files = (
				223DE52C2213610C0040F120 /* macB.sqlite in Resources */,
				22B9F1F221DD221400E6E62C /* UserSettings.plist in Resources */,
				22BD922221CBDEDD00019853 /* Assets.xcassets in Resources */,
				22BD922521CBDEDD00019853 /* Main.storyboard in Resources */,
			);
			runOnlyForDeploymentPostprocessing = 0;
		};
/* End PBXResourcesBuildPhase section */

/* Begin PBXShellScriptBuildPhase section */
		18926BD0092254F6A6022AEC /* [CP] Check Pods Manifest.lock */ = {
			isa = PBXShellScriptBuildPhase;
			buildActionMask = 2147483647;
			files = (
			);
			inputFileListPaths = (
			);
			inputPaths = (
				"${PODS_PODFILE_DIR_PATH}/Podfile.lock",
				"${PODS_ROOT}/Manifest.lock",
			);
			name = "[CP] Check Pods Manifest.lock";
			outputFileListPaths = (
			);
			outputPaths = (
				"$(DERIVED_FILE_DIR)/Pods-macB-checkManifestLockResult.txt",
			);
			runOnlyForDeploymentPostprocessing = 0;
			shellPath = /bin/sh;
			shellScript = "diff \"${PODS_PODFILE_DIR_PATH}/Podfile.lock\" \"${PODS_ROOT}/Manifest.lock\" > /dev/null\nif [ $? != 0 ] ; then\n    # print error to STDERR\n    echo \"error: The sandbox is not in sync with the Podfile.lock. Run 'pod install' or update your CocoaPods installation.\" >&2\n    exit 1\nfi\n# This output is used by Xcode 'outputs' to avoid re-running this script phase.\necho \"SUCCESS\" > \"${SCRIPT_OUTPUT_FILE_0}\"\n";
			showEnvVarsInLog = 0;
		};
		5B8BC53E74A40171B495E2E9 /* [CP] Embed Pods Frameworks */ = {
			isa = PBXShellScriptBuildPhase;
			buildActionMask = 2147483647;
			files = (
			);
			inputFileListPaths = (
			);
			inputPaths = (
				"${SRCROOT}/Pods/Target Support Files/Pods-macB/Pods-macB-frameworks.sh",
				"${BUILT_PRODUCTS_DIR}/FilesProvider/FilesProvider.framework",
				"${BUILT_PRODUCTS_DIR}/HTMLString/HTMLString.framework",
				"${BUILT_PRODUCTS_DIR}/SwiftSoup/SwiftSoup.framework",
			);
			name = "[CP] Embed Pods Frameworks";
			outputFileListPaths = (
			);
			outputPaths = (
				"${TARGET_BUILD_DIR}/${FRAMEWORKS_FOLDER_PATH}/FilesProvider.framework",
				"${TARGET_BUILD_DIR}/${FRAMEWORKS_FOLDER_PATH}/HTMLString.framework",
				"${TARGET_BUILD_DIR}/${FRAMEWORKS_FOLDER_PATH}/SwiftSoup.framework",
			);
			runOnlyForDeploymentPostprocessing = 0;
			shellPath = /bin/sh;
			shellScript = "\"${SRCROOT}/Pods/Target Support Files/Pods-macB/Pods-macB-frameworks.sh\"\n";
			showEnvVarsInLog = 0;
		};
/* End PBXShellScriptBuildPhase section */

/* Begin PBXSourcesBuildPhase section */
		221E37DA220AE4FF003D8E40 /* Sources */ = {
			isa = PBXSourcesBuildPhase;
			buildActionMask = 2147483647;
			files = (
				221E381D220AE9B0003D8E40 /* Book.swift in Sources */,
				221E3851220AEA01003D8E40 /* NumberCollectionViewCell.swift in Sources */,
				221E383E220AE9EE003D8E40 /* MainTabBarController.swift in Sources */,
				221E3843220AE9EE003D8E40 /* DownloadViewController.swift in Sources */,
				221E3814220AE99A003D8E40 /* CoreSyncManager.swift in Sources */,
				221E3847220AE9EE003D8E40 /* SyncViewController.swift in Sources */,
				227A4642221D8DCC0080F7CC /* ConsistencyManager.swift in Sources */,
				221E3820220AE9B0003D8E40 /* History.swift in Sources */,
				221E383F220AE9EE003D8E40 /* ModalViewController.swift in Sources */,
				221E381E220AE9B0003D8E40 /* Module.swift in Sources */,
				221E3801220AE6AC003D8E40 /* Extensions.swift in Sources */,
				221E3852220AEA01003D8E40 /* SearchTextField.swift in Sources */,
				221E37F9220AE665003D8E40 /* AppDelegate.swift in Sources */,
				221E3823220AE9B0003D8E40 /* SpiritChapter.swift in Sources */,
				221E3848220AE9EE003D8E40 /* SidePanelViewController.swift in Sources */,
				221E3816220AE99A003D8E40 /* plistHandler.swift in Sources */,
				221E3802220AE6AC003D8E40 /* Protocols.swift in Sources */,
				221E381C220AE9B0003D8E40 /* Chapter.swift in Sources */,
				221E3856220AEA01003D8E40 /* DownloadCell.swift in Sources */,
				221E3817220AE99A003D8E40 /* SyncManager.swift in Sources */,
				221E3822220AE9B0003D8E40 /* Page.swift in Sources */,
				221E3845220AE9EE003D8E40 /* LeftSelectionViewController.swift in Sources */,
				221E3840220AE9EE003D8E40 /* StrongViewController.swift in Sources */,
				221E3824220AE9B0003D8E40 /* SpiritBook.swift in Sources */,
				221E381F220AE9B0003D8E40 /* ModuleOffline.swift in Sources */,
				221E3819220AE99A003D8E40 /* DownloadManager.swift in Sources */,
				221E3815220AE99A003D8E40 /* VerseManager.swift in Sources */,
				221E385A220AEC65003D8E40 /* Verse.swift in Sources */,
				221E3818220AE99A003D8E40 /* Manager.swift in Sources */,
				221E385B220AF3E7003D8E40 /* Types.swift in Sources */,
				221E3821220AE9B0003D8E40 /* Strong.swift in Sources */,
				221E3842220AE9EE003D8E40 /* ContainerViewController.swift in Sources */,
				22091E842216C3C000DCDA22 /* OpenBible.xcdatamodeld in Sources */,
				221E37FF220AE6AC003D8E40 /* Bonjour.swift in Sources */,
				221E3854220AEA01003D8E40 /* BookTableViewCell.swift in Sources */,
				221E3846220AE9EE003D8E40 /* HistoryViewController.swift in Sources */,
				221E385D220AF674003D8E40 /* SplitTextViewController.swift in Sources */,
				221E3853220AEA01003D8E40 /* ServiceTableViewCell.swift in Sources */,
				221E381A220AE99A003D8E40 /* PlistManager.swift in Sources */,
			);
			runOnlyForDeploymentPostprocessing = 0;
		};
		22BD921321CBDEDB00019853 /* Sources */ = {
			isa = PBXSourcesBuildPhase;
			buildActionMask = 2147483647;
			files = (
				22BD926D21CCD62F00019853 /* DownloadCellView.swift in Sources */,
				22061ED321F4A52F00F00B04 /* SpiritBook.swift in Sources */,
				22BD927421CCFE0500019853 /* DownloadTableViewController.swift in Sources */,
				2240220321EB457300DC8E2F /* SharingManager.swift in Sources */,
				22BD926721CCD37F00019853 /* History.swift in Sources */,
				22061ED521F4A76E00F00B04 /* Roman.swift in Sources */,
				22BD926921CCD46700019853 /* DownloadManager.swift in Sources */,
				221A3E9021D243B9007C269E /* ModuleManagerViewController.swift in Sources */,
				22BD921D21CBDEDB00019853 /* MainWindowController.swift in Sources */,
				22BD925F21CCD03C00019853 /* Verse.swift in Sources */,
				22BD927021CCDB0E00019853 /* Protocols.swift in Sources */,
				22234EC121D1453A00BC595D /* FileManager.swift in Sources */,
				22F68BB821CFC556001C96D3 /* MainViewController.swift in Sources */,
				22234EBD21D13B6400BC595D /* TabViewController.swift in Sources */,
				22061ECF21F4A4DC00F00B04 /* Page.swift in Sources */,
				22061ECD21F4829C00F00B04 /* ListManager.swift in Sources */,
				22234EBF21D13FB600BC595D /* DropImageView.swift in Sources */,
				2240220521EB479900DC8E2F /* Types.swift in Sources */,
				22061ECB21F4821100F00B04 /* ListViewController.swift in Sources */,
				2235F68922142D3100E46411 /* OutlineViewController.swift in Sources */,
				221F4D9A21D928B90014CED9 /* StrongDetailViewController.swift in Sources */,
				22BD926321CCD35E00019853 /* Book.swift in Sources */,
				22061ED121F4A50A00F00B04 /* SpiritChapter.swift in Sources */,
				22061ED721F4B6E600F00B04 /* SpiritHTMLParser.swift in Sources */,
				2274239621E8C0F600AB71F9 /* SharingTCV.swift in Sources */,
				221A619321F64AE80003CCC0 /* SpiritViewController.swift in Sources */,
				22BD921B21CBDEDB00019853 /* AppDelegate.swift in Sources */,
				2274239421E8BB0B00AB71F9 /* SharingVC.swift in Sources */,
				22F68BB221CF87EB001C96D3 /* CoreManager.swift in Sources */,
				222222A32213108700AFDE40 /* StrongManager.swift in Sources */,
				221A619521F650820003CCC0 /* SpiritManager.swift in Sources */,
				22F68BB421CFAF4C001C96D3 /* ModuleViewController.swift in Sources */,
				22BD926B21CCD48100019853 /* ModuleOffline.swift in Sources */,
				22B9F1EF21DD219A00E6E62C /* plistHandler.swift in Sources */,
				22BD926121CCD34B00019853 /* Chapter.swift in Sources */,
				22FFB73721E26DEF00E7F0FD /* SettingsViewController.swift in Sources */,
				221A3E9221D51233007C269E /* DropView.swift in Sources */,
				22CB04B521D9155B004110E0 /* LabelCellView.swift in Sources */,
				22234EB921D1388C00BC595D /* FileManagerViewController.swift in Sources */,
				22BD926521CCD36B00019853 /* Module.swift in Sources */,
				2240CDA7221425F300942F84 /* OutlineCellView.swift in Sources */,
				220055A42214271B0063D3EC /* OutlineSelectionCellView.swift in Sources */,
				22CB04AF21D907BA004110E0 /* Strong.swift in Sources */,
				22BD924A21CC159C00019853 /* Extensions.swift in Sources */,
				22234EC321D164A000BC595D /* HTMLParser.swift in Sources */,
				22BD925621CC1EC400019853 /* macB.xcdatamodeld in Sources */,
				22CB04B321D911F2004110E0 /* StrongViewController.swift in Sources */,
				22B9F1F021DD219A00E6E62C /* PlistManager.swift in Sources */,
			);
			runOnlyForDeploymentPostprocessing = 0;
		};
/* End PBXSourcesBuildPhase section */

/* Begin PBXVariantGroup section */
		221E37EC220AE500003D8E40 /* LaunchScreen.storyboard */ = {
			isa = PBXVariantGroup;
			children = (
				221E37ED220AE500003D8E40 /* Base */,
			);
			name = LaunchScreen.storyboard;
			sourceTree = "<group>";
		};
		22BD922321CBDEDD00019853 /* Main.storyboard */ = {
			isa = PBXVariantGroup;
			children = (
				22BD922421CBDEDD00019853 /* Base */,
			);
			name = Main.storyboard;
			sourceTree = "<group>";
		};
/* End PBXVariantGroup section */

/* Begin XCBuildConfiguration section */
		221E37F0220AE500003D8E40 /* Debug */ = {
			isa = XCBuildConfiguration;
			buildSettings = {
				ASSETCATALOG_COMPILER_APPICON_NAME = AppIcon;
				CLANG_ENABLE_MODULES = YES;
				CODE_SIGN_IDENTITY = "iPhone Developer";
				CODE_SIGN_STYLE = Automatic;
				DEVELOPMENT_TEAM = 6V7ANKZCL9;
				INFOPLIST_FILE = OpenBible/Info.plist;
				IPHONEOS_DEPLOYMENT_TARGET = 12.1;
				LD_RUNPATH_SEARCH_PATHS = (
					"$(inherited)",
					"@executable_path/Frameworks",
				);
				PRODUCT_BUNDLE_IDENTIFIER = com.theDeniZ.OpenBible;
				PRODUCT_NAME = "$(TARGET_NAME)";
				SDKROOT = iphoneos;
				SWIFT_OPTIMIZATION_LEVEL = "-Onone";
				SWIFT_VERSION = 4.2;
				TARGETED_DEVICE_FAMILY = "1,2";
			};
			name = Debug;
		};
		221E37F1220AE500003D8E40 /* Release */ = {
			isa = XCBuildConfiguration;
			buildSettings = {
				ASSETCATALOG_COMPILER_APPICON_NAME = AppIcon;
				CLANG_ENABLE_MODULES = YES;
				CODE_SIGN_IDENTITY = "iPhone Developer";
				CODE_SIGN_STYLE = Automatic;
				DEVELOPMENT_TEAM = 6V7ANKZCL9;
				INFOPLIST_FILE = OpenBible/Info.plist;
				IPHONEOS_DEPLOYMENT_TARGET = 12.1;
				LD_RUNPATH_SEARCH_PATHS = (
					"$(inherited)",
					"@executable_path/Frameworks",
				);
				PRODUCT_BUNDLE_IDENTIFIER = com.theDeniZ.OpenBible;
				PRODUCT_NAME = "$(TARGET_NAME)";
				SDKROOT = iphoneos;
				SWIFT_VERSION = 4.2;
				TARGETED_DEVICE_FAMILY = "1,2";
				VALIDATE_PRODUCT = YES;
			};
			name = Release;
		};
		22BD923E21CBDEDD00019853 /* Debug */ = {
			isa = XCBuildConfiguration;
			buildSettings = {
				ALWAYS_SEARCH_USER_PATHS = NO;
				CLANG_ANALYZER_NONNULL = YES;
				CLANG_ANALYZER_NUMBER_OBJECT_CONVERSION = YES_AGGRESSIVE;
				CLANG_CXX_LANGUAGE_STANDARD = "gnu++14";
				CLANG_CXX_LIBRARY = "libc++";
				CLANG_ENABLE_MODULES = YES;
				CLANG_ENABLE_OBJC_ARC = YES;
				CLANG_ENABLE_OBJC_WEAK = YES;
				CLANG_WARN_BLOCK_CAPTURE_AUTORELEASING = YES;
				CLANG_WARN_BOOL_CONVERSION = YES;
				CLANG_WARN_COMMA = YES;
				CLANG_WARN_CONSTANT_CONVERSION = YES;
				CLANG_WARN_DEPRECATED_OBJC_IMPLEMENTATIONS = YES;
				CLANG_WARN_DIRECT_OBJC_ISA_USAGE = YES_ERROR;
				CLANG_WARN_DOCUMENTATION_COMMENTS = YES;
				CLANG_WARN_EMPTY_BODY = YES;
				CLANG_WARN_ENUM_CONVERSION = YES;
				CLANG_WARN_INFINITE_RECURSION = YES;
				CLANG_WARN_INT_CONVERSION = YES;
				CLANG_WARN_NON_LITERAL_NULL_CONVERSION = YES;
				CLANG_WARN_OBJC_IMPLICIT_RETAIN_SELF = YES;
				CLANG_WARN_OBJC_LITERAL_CONVERSION = YES;
				CLANG_WARN_OBJC_ROOT_CLASS = YES_ERROR;
				CLANG_WARN_RANGE_LOOP_ANALYSIS = YES;
				CLANG_WARN_STRICT_PROTOTYPES = YES;
				CLANG_WARN_SUSPICIOUS_MOVE = YES;
				CLANG_WARN_UNGUARDED_AVAILABILITY = YES_AGGRESSIVE;
				CLANG_WARN_UNREACHABLE_CODE = YES;
				CLANG_WARN__DUPLICATE_METHOD_MATCH = YES;
				CODE_SIGN_IDENTITY = "Mac Developer";
				COPY_PHASE_STRIP = NO;
				DEBUG_INFORMATION_FORMAT = dwarf;
				ENABLE_STRICT_OBJC_MSGSEND = YES;
				ENABLE_TESTABILITY = YES;
				GCC_C_LANGUAGE_STANDARD = gnu11;
				GCC_DYNAMIC_NO_PIC = NO;
				GCC_NO_COMMON_BLOCKS = YES;
				GCC_OPTIMIZATION_LEVEL = 0;
				GCC_PREPROCESSOR_DEFINITIONS = (
					"DEBUG=1",
					"$(inherited)",
				);
				GCC_WARN_64_TO_32_BIT_CONVERSION = YES;
				GCC_WARN_ABOUT_RETURN_TYPE = YES_ERROR;
				GCC_WARN_UNDECLARED_SELECTOR = YES;
				GCC_WARN_UNINITIALIZED_AUTOS = YES_AGGRESSIVE;
				GCC_WARN_UNUSED_FUNCTION = YES;
				GCC_WARN_UNUSED_LABEL = YES;
				GCC_WARN_UNUSED_PARAMETER = YES;
				GCC_WARN_UNUSED_VARIABLE = YES;
				MACOSX_DEPLOYMENT_TARGET = 10.14;
				MTL_ENABLE_DEBUG_INFO = INCLUDE_SOURCE;
				MTL_FAST_MATH = YES;
				ONLY_ACTIVE_ARCH = YES;
				SDKROOT = macosx;
				SWIFT_ACTIVE_COMPILATION_CONDITIONS = DEBUG;
				SWIFT_OPTIMIZATION_LEVEL = "-Onone";
			};
			name = Debug;
		};
		22BD923F21CBDEDD00019853 /* Release */ = {
			isa = XCBuildConfiguration;
			buildSettings = {
				ALWAYS_SEARCH_USER_PATHS = NO;
				CLANG_ANALYZER_NONNULL = YES;
				CLANG_ANALYZER_NUMBER_OBJECT_CONVERSION = YES_AGGRESSIVE;
				CLANG_CXX_LANGUAGE_STANDARD = "gnu++14";
				CLANG_CXX_LIBRARY = "libc++";
				CLANG_ENABLE_MODULES = YES;
				CLANG_ENABLE_OBJC_ARC = YES;
				CLANG_ENABLE_OBJC_WEAK = YES;
				CLANG_WARN_BLOCK_CAPTURE_AUTORELEASING = YES;
				CLANG_WARN_BOOL_CONVERSION = YES;
				CLANG_WARN_COMMA = YES;
				CLANG_WARN_CONSTANT_CONVERSION = YES;
				CLANG_WARN_DEPRECATED_OBJC_IMPLEMENTATIONS = YES;
				CLANG_WARN_DIRECT_OBJC_ISA_USAGE = YES_ERROR;
				CLANG_WARN_DOCUMENTATION_COMMENTS = YES;
				CLANG_WARN_EMPTY_BODY = YES;
				CLANG_WARN_ENUM_CONVERSION = YES;
				CLANG_WARN_INFINITE_RECURSION = YES;
				CLANG_WARN_INT_CONVERSION = YES;
				CLANG_WARN_NON_LITERAL_NULL_CONVERSION = YES;
				CLANG_WARN_OBJC_IMPLICIT_RETAIN_SELF = YES;
				CLANG_WARN_OBJC_LITERAL_CONVERSION = YES;
				CLANG_WARN_OBJC_ROOT_CLASS = YES_ERROR;
				CLANG_WARN_RANGE_LOOP_ANALYSIS = YES;
				CLANG_WARN_STRICT_PROTOTYPES = YES;
				CLANG_WARN_SUSPICIOUS_MOVE = YES;
				CLANG_WARN_UNGUARDED_AVAILABILITY = YES_AGGRESSIVE;
				CLANG_WARN_UNREACHABLE_CODE = YES;
				CLANG_WARN__DUPLICATE_METHOD_MATCH = YES;
				CODE_SIGN_IDENTITY = "Mac Developer";
				COPY_PHASE_STRIP = NO;
				DEBUG_INFORMATION_FORMAT = "dwarf-with-dsym";
				ENABLE_NS_ASSERTIONS = NO;
				ENABLE_STRICT_OBJC_MSGSEND = YES;
				GCC_C_LANGUAGE_STANDARD = gnu11;
				GCC_NO_COMMON_BLOCKS = YES;
				GCC_WARN_64_TO_32_BIT_CONVERSION = YES;
				GCC_WARN_ABOUT_RETURN_TYPE = YES_ERROR;
				GCC_WARN_UNDECLARED_SELECTOR = YES;
				GCC_WARN_UNINITIALIZED_AUTOS = YES_AGGRESSIVE;
				GCC_WARN_UNUSED_FUNCTION = YES;
				GCC_WARN_UNUSED_LABEL = YES;
				GCC_WARN_UNUSED_PARAMETER = YES;
				GCC_WARN_UNUSED_VARIABLE = YES;
				MACOSX_DEPLOYMENT_TARGET = 10.14;
				MTL_ENABLE_DEBUG_INFO = NO;
				MTL_FAST_MATH = YES;
				SDKROOT = macosx;
				SWIFT_COMPILATION_MODE = wholemodule;
				SWIFT_OPTIMIZATION_LEVEL = "-O";
			};
			name = Release;
		};
		22BD924121CBDEDD00019853 /* Debug */ = {
			isa = XCBuildConfiguration;
			baseConfigurationReference = 0065D28A5CE3F9F2C96E85CD /* Pods-macB.debug.xcconfig */;
			buildSettings = {
				ASSETCATALOG_COMPILER_APPICON_NAME = AppIcon;
				CODE_SIGN_ENTITLEMENTS = macB/macB.entitlements;
				CODE_SIGN_IDENTITY = "Mac Developer";
				CODE_SIGN_STYLE = Automatic;
				COMBINE_HIDPI_IMAGES = YES;
				DEVELOPMENT_TEAM = 6V7ANKZCL9;
				INFOPLIST_FILE = macB/Info.plist;
				LD_RUNPATH_SEARCH_PATHS = (
					"$(inherited)",
					"@executable_path/../Frameworks",
				);
				PRODUCT_BUNDLE_IDENTIFIER = com.theDeniZ.macB;
				PRODUCT_NAME = "$(TARGET_NAME)";
				PROVISIONING_PROFILE_SPECIFIER = "";
				SWIFT_VERSION = 4.2;
			};
			name = Debug;
		};
		22BD924221CBDEDD00019853 /* Release */ = {
			isa = XCBuildConfiguration;
			baseConfigurationReference = D85876AA1B1FFFCA2873062C /* Pods-macB.release.xcconfig */;
			buildSettings = {
				ASSETCATALOG_COMPILER_APPICON_NAME = AppIcon;
				CODE_SIGN_ENTITLEMENTS = macB/macB.entitlements;
				CODE_SIGN_IDENTITY = "Mac Developer";
				CODE_SIGN_STYLE = Automatic;
				COMBINE_HIDPI_IMAGES = YES;
				DEVELOPMENT_TEAM = 6V7ANKZCL9;
				INFOPLIST_FILE = macB/Info.plist;
				LD_RUNPATH_SEARCH_PATHS = (
					"$(inherited)",
					"@executable_path/../Frameworks",
				);
				PRODUCT_BUNDLE_IDENTIFIER = com.theDeniZ.macB;
				PRODUCT_NAME = "$(TARGET_NAME)";
				PROVISIONING_PROFILE_SPECIFIER = "";
				SWIFT_VERSION = 4.2;
			};
			name = Release;
		};
/* End XCBuildConfiguration section */

/* Begin XCConfigurationList section */
		221E37F2220AE500003D8E40 /* Build configuration list for PBXNativeTarget "OpenBible" */ = {
			isa = XCConfigurationList;
			buildConfigurations = (
				221E37F0220AE500003D8E40 /* Debug */,
				221E37F1220AE500003D8E40 /* Release */,
			);
			defaultConfigurationIsVisible = 0;
			defaultConfigurationName = Release;
		};
		22BD921221CBDEDB00019853 /* Build configuration list for PBXProject "macB" */ = {
			isa = XCConfigurationList;
			buildConfigurations = (
				22BD923E21CBDEDD00019853 /* Debug */,
				22BD923F21CBDEDD00019853 /* Release */,
			);
			defaultConfigurationIsVisible = 0;
			defaultConfigurationName = Release;
		};
		22BD924021CBDEDD00019853 /* Build configuration list for PBXNativeTarget "macB" */ = {
			isa = XCConfigurationList;
			buildConfigurations = (
				22BD924121CBDEDD00019853 /* Debug */,
				22BD924221CBDEDD00019853 /* Release */,
			);
			defaultConfigurationIsVisible = 0;
			defaultConfigurationName = Release;
		};
/* End XCConfigurationList section */

/* Begin XCVersionGroup section */
		221E37F5220AE628003D8E40 /* OpenBible.xcdatamodeld */ = {
			isa = XCVersionGroup;
			children = (
				221E37F6220AE628003D8E40 /* OpenBible.xcdatamodel */,
			);
			currentVersion = 221E37F6220AE628003D8E40 /* OpenBible.xcdatamodel */;
			name = OpenBible.xcdatamodeld;
			path = ../../OpenBible/OpenBible/OpenBible.xcdatamodeld;
			sourceTree = "<group>";
			versionGroupType = wrapper.xcdatamodel;
		};
		22BD925421CC1EC400019853 /* macB.xcdatamodeld */ = {
			isa = XCVersionGroup;
			children = (
				22BD925521CC1EC400019853 /* macB.xcdatamodel */,
			);
			currentVersion = 22BD925521CC1EC400019853 /* macB.xcdatamodel */;
			path = macB.xcdatamodeld;
			sourceTree = "<group>";
			versionGroupType = wrapper.xcdatamodel;
		};
/* End XCVersionGroup section */
	};
	rootObject = 22BD920F21CBDEDB00019853 /* Project object */;
}
