PODS:
  - FilesProvider (0.25.1)
  - HTMLString (4.0.2)
  - SwiftSoup (1.7.4)

DEPENDENCIES:
  - FilesProvider
  - HTMLString (~> 4.0)
  - SwiftSoup

SPEC REPOS:
  https://github.com/cocoapods/specs.git:
    - FilesProvider
    - HTMLString
    - SwiftSoup

SPEC CHECKSUMS:
  FilesProvider: f6ab75211d2fd4814720f19b427e43668dc24585
  HTMLString: d346ba551d1b7e687190c948ec0c2ddaf4057544
  SwiftSoup: 92f5b348c131aed8af04f4326db1579ab19fa08c

PODFILE CHECKSUM: 99318343f3facf69b835876b88342f3df923b378

COCOAPODS: 1.5.3
